<?xml version="1.0" encoding="utf-8"?>
<Project ToolsVersion="4.0" xmlns="http://schemas.microsoft.com/developer/msbuild/2003">
  <ItemGroup>
    <Filter Include="소스 파일">
      <UniqueIdentifier>{4FC737F1-C7A5-4376-A066-2A32D752A2FF}</UniqueIdentifier>
      <Extensions>cpp;c;cc;cxx;c++;def;odl;idl;hpj;bat;asm;asmx</Extensions>
    </Filter>
    <Filter Include="헤더 파일">
      <UniqueIdentifier>{93995380-89BD-4b04-88EB-625FBE52EBFB}</UniqueIdentifier>
      <Extensions>h;hh;hpp;hxx;h++;hm;inl;inc;ipp;xsd</Extensions>
    </Filter>
    <Filter Include="리소스 파일">
      <UniqueIdentifier>{67DA6AB6-F800-4c08-8B7A-83BB121AAD01}</UniqueIdentifier>
      <Extensions>rc;ico;cur;bmp;dlg;rc2;rct;bin;rgs;gif;jpg;jpeg;jpe;resx;tiff;tif;png;wav;mfcribbon-ms</Extensions>
    </Filter>
    <Filter Include="소스 파일\KakaoBlind2020">
      <UniqueIdentifier>{81568068-1585-4f74-92c4-66e72d9acb36}</UniqueIdentifier>
    </Filter>
    <Filter Include="헤더 파일\KakaoBlind2020">
      <UniqueIdentifier>{3a188081-7153-4a80-a744-a8ff3792acba}</UniqueIdentifier>
    </Filter>
    <Filter Include="헤더 파일\KakaoBlind2019">
      <UniqueIdentifier>{e6b46e85-9412-4b1c-b3e4-edac365eca83}</UniqueIdentifier>
    </Filter>
    <Filter Include="소스 파일\KakaoBlind2019">
      <UniqueIdentifier>{485cbafe-d815-46f2-9b78-fba187ca87f0}</UniqueIdentifier>
    </Filter>
    <Filter Include="소스 파일\KakaoBlind2018">
      <UniqueIdentifier>{3dc8043f-94ba-4f22-b76a-70711fdddbb2}</UniqueIdentifier>
    </Filter>
    <Filter Include="헤더 파일\KakaoBlind2018">
      <UniqueIdentifier>{d9dfc775-51fd-4fbe-bdad-c4fb6aa31487}</UniqueIdentifier>
    </Filter>
    <Filter Include="헤더 파일\KakaoWinterIntern2019">
      <UniqueIdentifier>{bd3eec68-43ca-4f1a-9405-b4f8ac8c0f86}</UniqueIdentifier>
    </Filter>
    <Filter Include="소스 파일\KakaoWinterIntern2019">
      <UniqueIdentifier>{80b559af-2387-4b22-8f56-e8d0af1031b0}</UniqueIdentifier>
    </Filter>
    <Filter Include="소스 파일\KakaoIntern2020">
      <UniqueIdentifier>{5855c8d3-be30-4546-bcb8-1df2c85abdc2}</UniqueIdentifier>
    </Filter>
    <Filter Include="헤더 파일\KakaoIntern2020">
      <UniqueIdentifier>{0295e6de-478a-4f0e-81a8-c11818c1a19e}</UniqueIdentifier>
    </Filter>
  </ItemGroup>
  <ItemGroup>
    <ClCompile Include="main.cpp">
      <Filter>소스 파일</Filter>
    </ClCompile>
    <ClCompile Include="problem4.cpp">
      <Filter>소스 파일\KakaoBlind2020</Filter>
    </ClCompile>
    <ClCompile Include="problem1.cpp">
      <Filter>소스 파일\KakaoBlind2020</Filter>
    </ClCompile>
    <ClCompile Include="problem2.cpp">
      <Filter>소스 파일\KakaoBlind2020</Filter>
    </ClCompile>
    <ClCompile Include="problem3.cpp">
      <Filter>소스 파일\KakaoBlind2020</Filter>
    </ClCompile>
    <ClCompile Include="problem5.cpp">
      <Filter>소스 파일\KakaoBlind2020</Filter>
    </ClCompile>
    <ClCompile Include="problem6.cpp">
      <Filter>소스 파일\KakaoBlind2020</Filter>
    </ClCompile>
    <ClCompile Include="problem7.cpp">
      <Filter>소스 파일\KakaoBlind2020</Filter>
    </ClCompile>
    <ClCompile Include="problem8.cpp">
      <Filter>소스 파일\KakaoBlind2019</Filter>
    </ClCompile>
    <ClCompile Include="problem9.cpp">
      <Filter>소스 파일\KakaoBlind2019</Filter>
    </ClCompile>
    <ClCompile Include="problem10.cpp">
      <Filter>소스 파일\KakaoBlind2019</Filter>
    </ClCompile>
    <ClCompile Include="problem11.cpp">
      <Filter>소스 파일\KakaoBlind2019</Filter>
    </ClCompile>
    <ClCompile Include="problem12.cpp">
      <Filter>소스 파일\KakaoBlind2019</Filter>
    </ClCompile>
    <ClCompile Include="problem13.cpp">
      <Filter>소스 파일\KakaoBlind2019</Filter>
    </ClCompile>
    <ClCompile Include="problem14.cpp">
      <Filter>소스 파일\KakaoBlind2019</Filter>
    </ClCompile>
    <ClCompile Include="problem15.cpp">
      <Filter>소스 파일\KakaoBlind2018</Filter>
    </ClCompile>
    <ClCompile Include="problem16.cpp">
      <Filter>소스 파일\KakaoBlind2018</Filter>
    </ClCompile>
    <ClCompile Include="problem17.cpp">
      <Filter>소스 파일\KakaoBlind2018</Filter>
    </ClCompile>
    <ClCompile Include="problem18.cpp">
      <Filter>소스 파일\KakaoBlind2018</Filter>
    </ClCompile>
    <ClCompile Include="problem19.cpp">
      <Filter>소스 파일\KakaoBlind2018</Filter>
    </ClCompile>
    <ClCompile Include="problem20.cpp">
      <Filter>소스 파일\KakaoBlind2018</Filter>
    </ClCompile>
    <ClCompile Include="problem21.cpp">
      <Filter>소스 파일\KakaoBlind2018</Filter>
    </ClCompile>
    <ClCompile Include="problem22.cpp">
      <Filter>소스 파일\KakaoBlind2018</Filter>
    </ClCompile>
    <ClCompile Include="problem23.cpp">
      <Filter>소스 파일\KakaoBlind2018</Filter>
    </ClCompile>
    <ClCompile Include="problem24.cpp">
      <Filter>소스 파일\KakaoBlind2018</Filter>
    </ClCompile>
    <ClCompile Include="problem25.cpp">
      <Filter>소스 파일\KakaoBlind2018</Filter>
    </ClCompile>
    <ClCompile Include="problem26.cpp">
      <Filter>소스 파일\KakaoBlind2018</Filter>
    </ClCompile>
    <ClCompile Include="problem27.cpp">
      <Filter>소스 파일\KakaoWinterIntern2019</Filter>
    </ClCompile>
    <ClCompile Include="problem28.cpp">
      <Filter>소스 파일\KakaoWinterIntern2019</Filter>
    </ClCompile>
    <ClCompile Include="problem29.cpp">
      <Filter>소스 파일\KakaoWinterIntern2019</Filter>
    </ClCompile>
    <ClCompile Include="problem30.cpp">
      <Filter>소스 파일\KakaoWinterIntern2019</Filter>
    </ClCompile>
    <ClCompile Include="problem31.cpp">
      <Filter>소스 파일\KakaoWinterIntern2019</Filter>
    </ClCompile>
    <ClCompile Include="problem32.cpp">
      <Filter>소스 파일\KakaoIntern2020</Filter>
    </ClCompile>
    <ClCompile Include="problem33.cpp">
      <Filter>소스 파일\KakaoIntern2020</Filter>
    </ClCompile>
  </ItemGroup>
  <ItemGroup>
    <ClInclude Include="problem4.h">
      <Filter>헤더 파일\KakaoBlind2020</Filter>
    </ClInclude>
    <ClInclude Include="problem1.h">
      <Filter>헤더 파일\KakaoBlind2020</Filter>
    </ClInclude>
    <ClInclude Include="problem2.h">
      <Filter>헤더 파일\KakaoBlind2020</Filter>
    </ClInclude>
    <ClInclude Include="problem3.h">
      <Filter>헤더 파일\KakaoBlind2020</Filter>
    </ClInclude>
    <ClInclude Include="problem5.h">
      <Filter>헤더 파일\KakaoBlind2020</Filter>
    </ClInclude>
    <ClInclude Include="problem6.h">
      <Filter>헤더 파일\KakaoBlind2020</Filter>
    </ClInclude>
    <ClInclude Include="problem7.h">
      <Filter>헤더 파일\KakaoBlind2020</Filter>
    </ClInclude>
    <ClInclude Include="KakaoBlind2020.h">
      <Filter>헤더 파일\KakaoBlind2020</Filter>
    </ClInclude>
    <ClInclude Include="KakaoBlind2019.h">
      <Filter>헤더 파일\KakaoBlind2019</Filter>
    </ClInclude>
    <ClInclude Include="problem8.h">
      <Filter>헤더 파일\KakaoBlind2019</Filter>
    </ClInclude>
    <ClInclude Include="problem9.h">
      <Filter>헤더 파일\KakaoBlind2019</Filter>
    </ClInclude>
    <ClInclude Include="problem10.h">
      <Filter>헤더 파일\KakaoBlind2019</Filter>
    </ClInclude>
    <ClInclude Include="problem11.h">
      <Filter>헤더 파일\KakaoBlind2019</Filter>
    </ClInclude>
    <ClInclude Include="problem12.h">
      <Filter>헤더 파일\KakaoBlind2019</Filter>
    </ClInclude>
    <ClInclude Include="problem13.h">
      <Filter>헤더 파일\KakaoBlind2019</Filter>
    </ClInclude>
    <ClInclude Include="problem14.h">
      <Filter>헤더 파일\KakaoBlind2019</Filter>
    </ClInclude>
    <ClInclude Include="KakaoBlind2018.h">
      <Filter>헤더 파일\KakaoBlind2018</Filter>
    </ClInclude>
    <ClInclude Include="problem15.h">
      <Filter>헤더 파일\KakaoBlind2018</Filter>
    </ClInclude>
    <ClInclude Include="problem16.h">
      <Filter>헤더 파일\KakaoBlind2018</Filter>
    </ClInclude>
    <ClInclude Include="problem17.h">
      <Filter>헤더 파일\KakaoBlind2018</Filter>
    </ClInclude>
    <ClInclude Include="problem18.h">
      <Filter>헤더 파일\KakaoBlind2018</Filter>
    </ClInclude>
    <ClInclude Include="problem19.h">
      <Filter>헤더 파일\KakaoBlind2018</Filter>
    </ClInclude>
    <ClInclude Include="problem20.h">
      <Filter>헤더 파일\KakaoBlind2018</Filter>
    </ClInclude>
    <ClInclude Include="problem21.h">
      <Filter>헤더 파일\KakaoBlind2018</Filter>
    </ClInclude>
    <ClInclude Include="problem22.h">
      <Filter>헤더 파일\KakaoBlind2018</Filter>
    </ClInclude>
    <ClInclude Include="problem23.h">
      <Filter>헤더 파일\KakaoBlind2018</Filter>
    </ClInclude>
    <ClInclude Include="problem24.h">
      <Filter>헤더 파일\KakaoBlind2018</Filter>
    </ClInclude>
    <ClInclude Include="problem25.h">
      <Filter>헤더 파일\KakaoBlind2018</Filter>
    </ClInclude>
    <ClInclude Include="problem26.h">
      <Filter>헤더 파일\KakaoBlind2018</Filter>
    </ClInclude>
    <ClInclude Include="KakaoWinterIntern2019.h">
      <Filter>헤더 파일\KakaoWinterIntern2019</Filter>
    </ClInclude>
    <ClInclude Include="problem27.h">
      <Filter>헤더 파일\KakaoWinterIntern2019</Filter>
    </ClInclude>
    <ClInclude Include="problem28.h">
      <Filter>헤더 파일\KakaoWinterIntern2019</Filter>
    </ClInclude>
    <ClInclude Include="problem29.h">
      <Filter>헤더 파일\KakaoWinterIntern2019</Filter>
    </ClInclude>
    <ClInclude Include="problem30.h">
      <Filter>헤더 파일\KakaoWinterIntern2019</Filter>
    </ClInclude>
    <ClInclude Include="problem31.h">
      <Filter>헤더 파일\KakaoWinterIntern2019</Filter>
    </ClInclude>
    <ClInclude Include="KakaoIntern2020.h">
      <Filter>헤더 파일\KakaoIntern2020</Filter>
    </ClInclude>
    <ClInclude Include="problem32.h">
      <Filter>헤더 파일\KakaoIntern2020</Filter>
    </ClInclude>
    <ClInclude Include="problem33.h">
      <Filter>헤더 파일\KakaoIntern2020</Filter>
    </ClInclude>
  </ItemGroup>
</Project>